# THIS IS AN AUTOGENERATED FILE. DO NOT EDIT THIS FILE DIRECTLY.
# yarn lockfile v1


"@prokopschield/argv@^0.1.1":
  version "0.1.1"
  resolved "https://registry.yarnpkg.com/@prokopschield/argv/-/argv-0.1.1.tgz#332c46b6bdf5bbd10a96330260867fdbbe8eb746"
  integrity sha512-JiE/wB6zxgo07fCgF7sVFKQFojCvRk+t0aGBhTpDUgytPPVm90yHbKRia2DS7WeSPdNTNgb+oanGdP5OuW3yxg==

"@prokopschield/mmap@0.1.0-2":
  version "0.1.0-2"
  resolved "https://registry.yarnpkg.com/@prokopschield/mmap/-/mmap-0.1.0-2.tgz#0fc16f04569627537d739b6989ae7cfb80f73123"
  integrity sha512-YTrcX3ukGiysKSZsGGCwQC9KLai73u+cRaar39DpRqd4WCgq9KL6eiVqPAK67zWAT67zTH4EjwYhViK9WwEPFQ==

"@types/mime-types@^2.1.1":
  version "2.1.1"
  resolved "https://registry.yarnpkg.com/@types/mime-types/-/mime-types-2.1.1.tgz#d9ba43490fa3a3df958759adf69396c3532cf2c1"
  integrity sha512-vXOTGVSLR2jMw440moWTC7H19iUyLtP3Z1YTj7cSsubOICinjMxFeb/V57v9QdyyPGbbWolUFSSmSiRSn94tFw==

"@types/node@>=16":
  version "18.6.1"
  resolved "https://registry.yarnpkg.com/@types/node/-/node-18.6.1.tgz#828e4785ccca13f44e2fb6852ae0ef11e3e20ba5"
  integrity sha512-z+2vB6yDt1fNwKOeGbckpmirO+VBDuQqecXkgeIqDlaOtmKn6hPR/viQ8cxCfqLU4fTlvM3+YjM367TukWdxpg==

mime-db@1.52.0:
  version "1.52.0"
  resolved "https://registry.yarnpkg.com/mime-db/-/mime-db-1.52.0.tgz#bbabcdc02859f4987301c856e3387ce5ec43bf70"
  integrity sha512-sPU4uV7dYlvtWJxwwxHD0PuihVNiE7TyAbQ5SWxDCB9mUYvOgroQOwYQQOKPJ8CIbE+1ETVlOoK1UC2nU3gYvg==

mime-types@^2.1.35:
  version "2.1.35"
  resolved "https://registry.yarnpkg.com/mime-types/-/mime-types-2.1.35.tgz#381a871b62a734450660ae3deee44813f70d959a"
  integrity sha512-ZDY+bPm5zTTF+YpCrAU9nK0UgICYPT0QtT1NZWFv4s++TNkcgVaT0g6+4R2uI4MjQjzysHB1zxuWL50hzaeXiw==
  dependencies:
    mime-db "1.52.0"

ps-std@^0.1.6:
  version "0.1.6"
  resolved "https://registry.yarnpkg.com/ps-std/-/ps-std-0.1.6.tgz#028f1a7fd4af2d685de54df3f1f94b7df7f9dd03"
  integrity sha512-363nSS/KXlvf92zDPo3BEJ5Ghwuzf/RQUpg4VkK/lsXol6Fxmt88qofiuhmvQfeAD1XYySeX13updBNwATRYRA==
